
Microsoft Visual Studio Solution File, Format Version 12.00
# Visual Studio Version 17
VisualStudioVersion = 17.9.34714.143
MinimumVisualStudioVersion = 10.0.40219.1
Project("{FAE04EC0-301F-11D3-BF4B-00C04F79EFBC}") = "Lab04", "Lab04\Lab04.csproj", "{CF58B62B-4169-49F9-8FD1-5A898E4475F6}"
EndProject
Global
	GlobalSection(SolutionConfigurationPlatforms) = preSolution
		Debug|Any CPU = Debug|Any CPU
		Release|Any CPU = Release|Any CPU
	EndGlobalSection
	GlobalSection(ProjectConfigurationPlatforms) = postSolution
		{CF58B62B-4169-49F9-8FD1-5A898E4475F6}.Debug|Any CPU.ActiveCfg = Debug|Any CPU
		{CF58B62B-4169-49F9-8FD1-5A898E4475F6}.Debug|Any CPU.Build.0 = Debug|Any CPU
		{CF58B62B-4169-49F9-8FD1-5A898E4475F6}.Release|Any CPU.ActiveCfg = Release|Any CPU
		{CF58B62B-4169-49F9-8FD1-5A898E4475F6}.Release|Any CPU.Build.0 = Release|Any CPU
	EndGlobalSection
	GlobalSection(SolutionProperties) = preSolution
		HideSolutionNode = FALSE
	EndGlobalSection
	GlobalSection(ExtensibilityGlobals) = postSolution
		SolutionGuid = {41B869D4-028C-4829-9044-52DA2E293D4E}
	EndGlobalSection
EndGlobal
